{
  "name": "browser",
  "version": "1.0.0",
  "lockfileVersion": 1,
  "requires": true,
  "dependencies": {
    "atob": {
      "version": "2.1.2",
      "resolved": "https://registry.nlark.com/atob/download/atob-2.1.2.tgz",
      "integrity": "sha1-bZUX654DDSQ2ZmZR6GvZ9vE1M8k=",
      "dev": true
    },
    "css": {
      "version": "3.0.0",
      "resolved": "https://registry.npm.taobao.org/css/download/css-3.0.0.tgz",
      "integrity": "sha1-REek1Y/dAzZ8UWyp9krjZc7kql0=",
      "dev": true,
      "requires": {
        "inherits": "^2.0.4",
        "source-map": "^0.6.1",
        "source-map-resolve": "^0.6.0"
      }
    },
    "decode-uri-component": {
      "version": "0.2.0",
      "resolved": "https://registry.nlark.com/decode-uri-component/download/decode-uri-component-0.2.0.tgz",
      "integrity": "sha1-6zkTMzRYd1y4TNGh+uBiEGu4dUU=",
      "dev": true
    },
    "dom-serializer": {
      "version": "1.3.2",
      "resolved": "https://registry.nlark.com/dom-serializer/download/dom-serializer-1.3.2.tgz",
      "integrity": "sha1-YgZDfTLO767HFhgDIwx6ILwbTZE=",
      "dev": true,
      "requires": {
        "domelementtype": "^2.0.1",
        "domhandler": "^4.2.0",
        "entities": "^2.0.0"
      },
      "dependencies": {
        "entities": {
          "version": "2.2.0",
          "resolved": "https://registry.nlark.com/entities/download/entities-2.2.0.tgz?cache=0&sync_timestamp=1628508126700&other_urls=https%3A%2F%2Fregistry.nlark.com%2Fentities%2Fdownload%2Fentities-2.2.0.tgz",
          "integrity": "sha1-CY3JDruD2N/6CJ1VJWs1HTTE2lU=",
          "dev": true
        }
      }
    },
    "domelementtype": {
      "version": "2.2.0",
      "resolved": "https://registry.npm.taobao.org/domelementtype/download/domelementtype-2.2.0.tgz?cache=0&other_urls=https%3A%2F%2Fregistry.npm.taobao.org%2Fdomelementtype%2Fdownload%2Fdomelementtype-2.2.0.tgz",
      "integrity": "sha1-mgtsJ4LtahxzI9QiZxg9+b2LHVc=",
      "dev": true
    },
    "domhandler": {
      "version": "4.3.0",
      "resolved": "https://registry.npmmirror.com/domhandler/download/domhandler-4.3.0.tgz",
      "integrity": "sha512-fC0aXNQXqKSFTr2wDNZDhsEYjCiYsDWl3D01kwt25hm1YIPyDGHvvi3rw+PLqHAl/m71MaiF7d5zvBr0p5UB2g==",
      "dev": true,
      "requires": {
        "domelementtype": "^2.2.0"
      }
    },
    "domutils": {
      "version": "2.8.0",
      "resolved": "https://registry.nlark.com/domutils/download/domutils-2.8.0.tgz?cache=0&sync_timestamp=1630106606599&other_urls=https%3A%2F%2Fregistry.nlark.com%2Fdomutils%2Fdownload%2Fdomutils-2.8.0.tgz",
      "integrity": "sha1-RDfe9dtuLR9dbuhZvZXKfQIEgTU=",
      "dev": true,
      "requires": {
        "dom-serializer": "^1.0.1",
        "domelementtype": "^2.2.0",
        "domhandler": "^4.2.0"
      }
    },
    "entities": {
      "version": "3.0.1",
      "resolved": "https://registry.nlark.com/entities/download/entities-3.0.1.tgz?cache=0&sync_timestamp=1628508126700&other_urls=https%3A%2F%2Fregistry.nlark.com%2Fentities%2Fdownload%2Fentities-3.0.1.tgz",
      "integrity": "sha1-K4h8piWF6W2zkDSC0zbBAGwwAdQ=",
      "dev": true
    },
    "htmlparser2": {
      "version": "7.2.0",
      "resolved": "https://registry.npmmirror.com/htmlparser2/download/htmlparser2-7.2.0.tgz?cache=0&sync_timestamp=1636640945377&other_urls=https%3A%2F%2Fregistry.npmmirror.com%2Fhtmlparser2%2Fdownload%2Fhtmlparser2-7.2.0.tgz",
      "integrity": "sha512-H7MImA4MS6cw7nbyURtLPO1Tms7C5H602LRETv95z1MxO/7CP7rDVROehUYeYBUYEON94NXXDEPmZuq+hX4sog==",
      "dev": true,
      "requires": {
        "domelementtype": "^2.0.1",
        "domhandler": "^4.2.2",
        "domutils": "^2.8.0",
        "entities": "^3.0.1"
      }
    },
    "inherits": {
      "version": "2.0.4",
      "resolved": "https://registry.nlark.com/inherits/download/inherits-2.0.4.tgz",
      "integrity": "sha1-D6LGT5MpF8NDOg3tVTY6rjdBa3w=",
      "dev": true
    },
    "source-map": {
      "version": "0.6.1",
      "resolved": "https://registry.nlark.com/source-map/download/source-map-0.6.1.tgz?cache=0&sync_timestamp=1624608014898&other_urls=https%3A%2F%2Fregistry.nlark.com%2Fsource-map%2Fdownload%2Fsource-map-0.6.1.tgz",
      "integrity": "sha1-dHIq8y6WFOnCh6jQu95IteLxomM=",
      "dev": true
    },
    "source-map-resolve": {
      "version": "0.6.0",
      "resolved": "https://registry.nlark.com/source-map-resolve/download/source-map-resolve-0.6.0.tgz",
      "integrity": "sha1-PZ34fiNrU/FtAeWBUPx3EROOXtI=",
      "dev": true,
      "requires": {
        "atob": "^2.1.2",
        "decode-uri-component": "^0.2.0"
      }
    }
  }
}
